# This file is automatically @generated by Cargo.
# It is not intended for manual editing.
version = 4

[[package]]
name = "alt-cli"
version = "0.0.0"
dependencies = [
 "alt-repo",
]

[[package]]
name = "alt-git-codec"
version = "0.0.0"

[[package]]
name = "alt-repo"
version = "0.0.0"
dependencies = [
 "alt-git-codec",
]
